{
  "name": "strategos-cli",
  "version": "0.3.0",
  "lockfileVersion": 3,
  "requires": true,
  "packages": {
    "": {
      "name": "strategos-cli",
      "version": "0.3.0",
      "license": "MIT",
      "bin": {
        "strategos": "bin/strategos.js"
      },
      "engines": {
        "node": ">=24"
      }
    }
  }
}
